// !$*UTF8*$!
{
	archiveVersion = 1;
	classes = {
	};
	objectVersion = 50;
	objects = {

/* Begin PBXBuildFile section */
		D4BB877624B4B70500B4ABC9 /* AppDelegate.swift in Sources */ = {isa = PBXBuildFile; fileRef = D4BB877524B4B70500B4ABC9 /* AppDelegate.swift */; };
		D4BB877824B4B70500B4ABC9 /* SceneDelegate.swift in Sources */ = {isa = PBXBuildFile; fileRef = D4BB877724B4B70500B4ABC9 /* SceneDelegate.swift */; };
		D4BB877A24B4B70500B4ABC9 /* ViewController.swift in Sources */ = {isa = PBXBuildFile; fileRef = D4BB877924B4B70500B4ABC9 /* ViewController.swift */; };
		D4BB877D24B4B70500B4ABC9 /* Main.storyboard in Resources */ = {isa = PBXBuildFile; fileRef = D4BB877B24B4B70500B4ABC9 /* Main.storyboard */; };
		D4BB877F24B4B70600B4ABC9 /* Assets.xcassets in Resources */ = {isa = PBXBuildFile; fileRef = D4BB877E24B4B70600B4ABC9 /* Assets.xcassets */; };
		D4BB878224B4B70600B4ABC9 /* LaunchScreen.storyboard in Resources */ = {isa = PBXBuildFile; fileRef = D4BB878024B4B70600B4ABC9 /* LaunchScreen.storyboard */; };
		D4BB879224B4BED800B4ABC9 /* NetworkManager.swift in Sources */ = {isa = PBXBuildFile; fileRef = D4BB879124B4BED800B4ABC9 /* NetworkManager.swift */; };
		D4BB879424B4BF0500B4ABC9 /* Character.swift in Sources */ = {isa = PBXBuildFile; fileRef = D4BB879324B4BF0500B4ABC9 /* Character.swift */; };
/* End PBXBuildFile section */

/* Begin PBXFileReference section */
		D4BB877224B4B70500B4ABC9 /* RickAndMorty.app */ = {isa = PBXFileReference; explicitFileType = wrapper.application; includeInIndex = 0; path = RickAndMorty.app; sourceTree = BUILT_PRODUCTS_DIR; };
		D4BB877524B4B70500B4ABC9 /* AppDelegate.swift */ = {isa = PBXFileReference; lastKnownFileType = sourcecode.swift; path = AppDelegate.swift; sourceTree = "<group>"; };
		D4BB877724B4B70500B4ABC9 /* SceneDelegate.swift */ = {isa = PBXFileReference; lastKnownFileType = sourcecode.swift; path = SceneDelegate.swift; sourceTree = "<group>"; };
		D4BB877924B4B70500B4ABC9 /* ViewController.swift */ = {isa = PBXFileReference; lastKnownFileType = sourcecode.swift; path = ViewController.swift; sourceTree = "<group>"; };
		D4BB877C24B4B70500B4ABC9 /* Base */ = {isa = PBXFileReference; lastKnownFileType = file.storyboard; name = Base; path = Base.lproj/Main.storyboard; sourceTree = "<group>"; };
		D4BB877E24B4B70600B4ABC9 /* Assets.xcassets */ = {isa = PBXFileReference; lastKnownFileType = folder.assetcatalog; path = Assets.xcassets; sourceTree = "<group>"; };
		D4BB878124B4B70600B4ABC9 /* Base */ = {isa = PBXFileReference; lastKnownFileType = file.storyboard; name = Base; path = Base.lproj/LaunchScreen.storyboard; sourceTree = "<group>"; };
		D4BB878324B4B70600B4ABC9 /* Info.plist */ = {isa = PBXFileReference; lastKnownFileType = text.plist.xml; path = Info.plist; sourceTree = "<group>"; };
		D4BB879124B4BED800B4ABC9 /* NetworkManager.swift */ = {isa = PBXFileReference; lastKnownFileType = sourcecode.swift; path = NetworkManager.swift; sourceTree = "<group>"; };
		D4BB879324B4BF0500B4ABC9 /* Character.swift */ = {isa = PBXFileReference; lastKnownFileType = sourcecode.swift; path = Character.swift; sourceTree = "<group>"; };
/* End PBXFileReference section */

/* Begin PBXFrameworksBuildPhase section */
		D4BB876F24B4B70500B4ABC9 /* Frameworks */ = {
			isa = PBXFrameworksBuildPhase;
			buildActionMask = 2147483647;
			files = (
			);
			runOnlyForDeploymentPostprocessing = 0;
		};
/* End PBXFrameworksBuildPhase section */

/* Begin PBXGroup section */
		D4BB876924B4B70500B4ABC9 = {
			isa = PBXGroup;
			children = (
				D4BB877424B4B70500B4ABC9 /* RickAndMorty */,
				D4BB877324B4B70500B4ABC9 /* Products */,
			);
			sourceTree = "<group>";
		};
		D4BB877324B4B70500B4ABC9 /* Products */ = {
			isa = PBXGroup;
			children = (
				D4BB877224B4B70500B4ABC9 /* RickAndMorty.app */,
			);
			name = Products;
			sourceTree = "<group>";
		};
		D4BB877424B4B70500B4ABC9 /* RickAndMorty */ = {
			isa = PBXGroup;
			children = (
				D4BB879024B4B7C100B4ABC9 /* ViewControllers */,
				D4BB878F24B4B7B000B4ABC9 /* Storyboards */,
				D4BB878E24B4B79500B4ABC9 /* SupportFiles */,
				D4BB878D24B4B76300B4ABC9 /* Source */,
				D4BB878C24B4B75000B4ABC9 /* Extensions */,
				D4BB878B24B4B73C00B4ABC9 /* Managers */,
				D4BB878A24B4B72A00B4ABC9 /* Models */,
			);
			path = RickAndMorty;
			sourceTree = "<group>";
		};
		D4BB878A24B4B72A00B4ABC9 /* Models */ = {
			isa = PBXGroup;
			children = (
				D4BB879324B4BF0500B4ABC9 /* Character.swift */,
			);
			path = Models;
			sourceTree = "<group>";
		};
		D4BB878B24B4B73C00B4ABC9 /* Managers */ = {
			isa = PBXGroup;
			children = (
				D4BB879124B4BED800B4ABC9 /* NetworkManager.swift */,
			);
			path = Managers;
			sourceTree = "<group>";
		};
		D4BB878C24B4B75000B4ABC9 /* Extensions */ = {
			isa = PBXGroup;
			children = (
			);
			path = Extensions;
			sourceTree = "<group>";
		};
		D4BB878D24B4B76300B4ABC9 /* Source */ = {
			isa = PBXGroup;
			children = (
				D4BB877E24B4B70600B4ABC9 /* Assets.xcassets */,
			);
			path = Source;
			sourceTree = "<group>";
		};
		D4BB878E24B4B79500B4ABC9 /* SupportFiles */ = {
			isa = PBXGroup;
			children = (
				D4BB877524B4B70500B4ABC9 /* AppDelegate.swift */,
				D4BB877724B4B70500B4ABC9 /* SceneDelegate.swift */,
				D4BB878324B4B70600B4ABC9 /* Info.plist */,
			);
			path = SupportFiles;
			sourceTree = "<group>";
		};
		D4BB878F24B4B7B000B4ABC9 /* Storyboards */ = {
			isa = PBXGroup;
			children = (
				D4BB877B24B4B70500B4ABC9 /* Main.storyboard */,
				D4BB878024B4B70600B4ABC9 /* LaunchScreen.storyboard */,
			);
			path = Storyboards;
			sourceTree = "<group>";
		};
		D4BB879024B4B7C100B4ABC9 /* ViewControllers */ = {
			isa = PBXGroup;
			children = (
				D4BB877924B4B70500B4ABC9 /* ViewController.swift */,
			);
			path = ViewControllers;
			sourceTree = "<group>";
		};
/* End PBXGroup section */

/* Begin PBXNativeTarget section */
		D4BB877124B4B70500B4ABC9 /* RickAndMorty */ = {
			isa = PBXNativeTarget;
			buildConfigurationList = D4BB878624B4B70600B4ABC9 /* Build configuration list for PBXNativeTarget "RickAndMorty" */;
			buildPhases = (
				D4BB876E24B4B70500B4ABC9 /* Sources */,
				D4BB876F24B4B70500B4ABC9 /* Frameworks */,
				D4BB877024B4B70500B4ABC9 /* Resources */,
			);
			buildRules = (
			);
			dependencies = (
			);
			name = RickAndMorty;
			productName = RickAndMorty;
			productReference = D4BB877224B4B70500B4ABC9 /* RickAndMorty.app */;
			productType = "com.apple.product-type.application";
		};
/* End PBXNativeTarget section */

/* Begin PBXProject section */
		D4BB876A24B4B70500B4ABC9 /* Project object */ = {
			isa = PBXProject;
			attributes = {
				LastSwiftUpdateCheck = 1150;
				LastUpgradeCheck = 1150;
				ORGANIZATIONNAME = "Кирилл Заборский";
				TargetAttributes = {
					D4BB877124B4B70500B4ABC9 = {
						CreatedOnToolsVersion = 11.5;
					};
				};
			};
			buildConfigurationList = D4BB876D24B4B70500B4ABC9 /* Build configuration list for PBXProject "RickAndMorty" */;
			compatibilityVersion = "Xcode 9.3";
			developmentRegion = en;
			hasScannedForEncodings = 0;
			knownRegions = (
				en,
				Base,
			);
			mainGroup = D4BB876924B4B70500B4ABC9;
			productRefGroup = D4BB877324B4B70500B4ABC9 /* Products */;
			projectDirPath = "";
			projectRoot = "";
			targets = (
				D4BB877124B4B70500B4ABC9 /* RickAndMorty */,
			);
		};
/* End PBXProject section */

/* Begin PBXResourcesBuildPhase section */
		D4BB877024B4B70500B4ABC9 /* Resources */ = {
			isa = PBXResourcesBuildPhase;
			buildActionMask = 2147483647;
			files = (
				D4BB878224B4B70600B4ABC9 /* LaunchScreen.storyboard in Resources */,
				D4BB877F24B4B70600B4ABC9 /* Assets.xcassets in Resources */,
				D4BB877D24B4B70500B4ABC9 /* Main.storyboard in Resources */,
			);
			runOnlyForDeploymentPostprocessing = 0;
		};
/* End PBXResourcesBuildPhase section */

/* Begin PBXSourcesBuildPhase section */
		D4BB876E24B4B70500B4ABC9 /* Sources */ = {
			isa = PBXSourcesBuildPhase;
			buildActionMask = 2147483647;
			files = (
				D4BB879224B4BED800B4ABC9 /* NetworkManager.swift in Sources */,
				D4BB877A24B4B70500B4ABC9 /* ViewController.swift in Sources */,
				D4BB879424B4BF0500B4ABC9 /* Character.swift in Sources */,
				D4BB877624B4B70500B4ABC9 /* AppDelegate.swift in Sources */,
				D4BB877824B4B70500B4ABC9 /* SceneDelegate.swift in Sources */,
			);
			runOnlyForDeploymentPostprocessing = 0;
		};
/* End PBXSourcesBuildPhase section */

/* Begin PBXVariantGroup section */
		D4BB877B24B4B70500B4ABC9 /* Main.storyboard */ = {
			isa = PBXVariantGroup;
			children = (
				D4BB877C24B4B70500B4ABC9 /* Base */,
			);
			name = Main.storyboard;
			sourceTree = "<group>";
		};
		D4BB878024B4B70600B4ABC9 /* LaunchScreen.storyboard */ = {
			isa = PBXVariantGroup;
			children = (
				D4BB878124B4B70600B4ABC9 /* Base */,
			);
			name = LaunchScreen.storyboard;
			sourceTree = "<group>";
		};
/* End PBXVariantGroup section */

/* Begin XCBuildConfiguration section */
		D4BB878424B4B70600B4ABC9 /* Debug */ = {
			isa = XCBuildConfiguration;
			buildSettings = {
				ALWAYS_SEARCH_USER_PATHS = NO;
				CLANG_ANALYZER_NONNULL = YES;
				CLANG_ANALYZER_NUMBER_OBJECT_CONVERSION = YES_AGGRESSIVE;
				CLANG_CXX_LANGUAGE_STANDARD = "gnu++14";
				CLANG_CXX_LIBRARY = "libc++";
				CLANG_ENABLE_MODULES = YES;
				CLANG_ENABLE_OBJC_ARC = YES;
				CLANG_ENABLE_OBJC_WEAK = YES;
				CLANG_WARN_BLOCK_CAPTURE_AUTORELEASING = YES;
				CLANG_WARN_BOOL_CONVERSION = YES;
				CLANG_WARN_COMMA = YES;
				CLANG_WARN_CONSTANT_CONVERSION = YES;
				CLANG_WARN_DEPRECATED_OBJC_IMPLEMENTATIONS = YES;
				CLANG_WARN_DIRECT_OBJC_ISA_USAGE = YES_ERROR;
				CLANG_WARN_DOCUMENTATION_COMMENTS = YES;
				CLANG_WARN_EMPTY_BODY = YES;
				CLANG_WARN_ENUM_CONVERSION = YES;
				CLANG_WARN_INFINITE_RECURSION = YES;
				CLANG_WARN_INT_CONVERSION = YES;
				CLANG_WARN_NON_LITERAL_NULL_CONVERSION = YES;
				CLANG_WARN_OBJC_IMPLICIT_RETAIN_SELF = YES;
				CLANG_WARN_OBJC_LITERAL_CONVERSION = YES;
				CLANG_WARN_OBJC_ROOT_CLASS = YES_ERROR;
				CLANG_WARN_RANGE_LOOP_ANALYSIS = YES;
				CLANG_WARN_STRICT_PROTOTYPES = YES;
				CLANG_WARN_SUSPICIOUS_MOVE = YES;
				CLANG_WARN_UNGUARDED_AVAILABILITY = YES_AGGRESSIVE;
				CLANG_WARN_UNREACHABLE_CODE = YES;
				CLANG_WARN__DUPLICATE_METHOD_MATCH = YES;
				COPY_PHASE_STRIP = NO;
				DEBUG_INFORMATION_FORMAT = dwarf;
				ENABLE_STRICT_OBJC_MSGSEND = YES;
				ENABLE_TESTABILITY = YES;
				GCC_C_LANGUAGE_STANDARD = gnu11;
				GCC_DYNAMIC_NO_PIC = NO;
				GCC_NO_COMMON_BLOCKS = YES;
				GCC_OPTIMIZATION_LEVEL = 0;
				GCC_PREPROCESSOR_DEFINITIONS = (
					"DEBUG=1",
					"$(inherited)",
				);
				GCC_WARN_64_TO_32_BIT_CONVERSION = YES;
				GCC_WARN_ABOUT_RETURN_TYPE = YES_ERROR;
				GCC_WARN_UNDECLARED_SELECTOR = YES;
				GCC_WARN_UNINITIALIZED_AUTOS = YES_AGGRESSIVE;
				GCC_WARN_UNUSED_FUNCTION = YES;
				GCC_WARN_UNUSED_VARIABLE = YES;
				IPHONEOS_DEPLOYMENT_TARGET = 13.5;
				MTL_ENABLE_DEBUG_INFO = INCLUDE_SOURCE;
				MTL_FAST_MATH = YES;
				ONLY_ACTIVE_ARCH = YES;
				SDKROOT = iphoneos;
				SWIFT_ACTIVE_COMPILATION_CONDITIONS = DEBUG;
				SWIFT_OPTIMIZATION_LEVEL = "-Onone";
			};
			name = Debug;
		};
		D4BB878524B4B70600B4ABC9 /* Release */ = {
			isa = XCBuildConfiguration;
			buildSettings = {
				ALWAYS_SEARCH_USER_PATHS = NO;
				CLANG_ANALYZER_NONNULL = YES;
				CLANG_ANALYZER_NUMBER_OBJECT_CONVERSION = YES_AGGRESSIVE;
				CLANG_CXX_LANGUAGE_STANDARD = "gnu++14";
				CLANG_CXX_LIBRARY = "libc++";
				CLANG_ENABLE_MODULES = YES;
				CLANG_ENABLE_OBJC_ARC = YES;
				CLANG_ENABLE_OBJC_WEAK = YES;
				CLANG_WARN_BLOCK_CAPTURE_AUTORELEASING = YES;
				CLANG_WARN_BOOL_CONVERSION = YES;
				CLANG_WARN_COMMA = YES;
				CLANG_WARN_CONSTANT_CONVERSION = YES;
				CLANG_WARN_DEPRECATED_OBJC_IMPLEMENTATIONS = YES;
				CLANG_WARN_DIRECT_OBJC_ISA_USAGE = YES_ERROR;
				CLANG_WARN_DOCUMENTATION_COMMENTS = YES;
				CLANG_WARN_EMPTY_BODY = YES;
				CLANG_WARN_ENUM_CONVERSION = YES;
				CLANG_WARN_INFINITE_RECURSION = YES;
				CLANG_WARN_INT_CONVERSION = YES;
				CLANG_WARN_NON_LITERAL_NULL_CONVERSION = YES;
				CLANG_WARN_OBJC_IMPLICIT_RETAIN_SELF = YES;
				CLANG_WARN_OBJC_LITERAL_CONVERSION = YES;
				CLANG_WARN_OBJC_ROOT_CLASS = YES_ERROR;
				CLANG_WARN_RANGE_LOOP_ANALYSIS = YES;
				CLANG_WARN_STRICT_PROTOTYPES = YES;
				CLANG_WARN_SUSPICIOUS_MOVE = YES;
				CLANG_WARN_UNGUARDED_AVAILABILITY = YES_AGGRESSIVE;
				CLANG_WARN_UNREACHABLE_CODE = YES;
				CLANG_WARN__DUPLICATE_METHOD_MATCH = YES;
				COPY_PHASE_STRIP = NO;
				DEBUG_INFORMATION_FORMAT = "dwarf-with-dsym";
				ENABLE_NS_ASSERTIONS = NO;
				ENABLE_STRICT_OBJC_MSGSEND = YES;
				GCC_C_LANGUAGE_STANDARD = gnu11;
				GCC_NO_COMMON_BLOCKS = YES;
				GCC_WARN_64_TO_32_BIT_CONVERSION = YES;
				GCC_WARN_ABOUT_RETURN_TYPE = YES_ERROR;
				GCC_WARN_UNDECLARED_SELECTOR = YES;
				GCC_WARN_UNINITIALIZED_AUTOS = YES_AGGRESSIVE;
				GCC_WARN_UNUSED_FUNCTION = YES;
				GCC_WARN_UNUSED_VARIABLE = YES;
				IPHONEOS_DEPLOYMENT_TARGET = 13.5;
				MTL_ENABLE_DEBUG_INFO = NO;
				MTL_FAST_MATH = YES;
				SDKROOT = iphoneos;
				SWIFT_COMPILATION_MODE = wholemodule;
				SWIFT_OPTIMIZATION_LEVEL = "-O";
				VALIDATE_PRODUCT = YES;
			};
			name = Release;
		};
		D4BB878724B4B70600B4ABC9 /* Debug */ = {
			isa = XCBuildConfiguration;
			buildSettings = {
				ASSETCATALOG_COMPILER_APPICON_NAME = AppIcon;
				CODE_SIGN_STYLE = Automatic;
				DEVELOPMENT_TEAM = KK52K32PD5;
				INFOPLIST_FILE = RickAndMorty/SupportFiles/Info.plist;
				LD_RUNPATH_SEARCH_PATHS = (
					"$(inherited)",
					"@executable_path/Frameworks",
				);
				PRODUCT_BUNDLE_IDENTIFIER = "Kirill-Zaborsky.RickAndMorty";
				PRODUCT_NAME = "$(TARGET_NAME)";
				SWIFT_VERSION = 5.0;
				TARGETED_DEVICE_FAMILY = 1;
			};
			name = Debug;
		};
		D4BB878824B4B70600B4ABC9 /* Release */ = {
			isa = XCBuildConfiguration;
			buildSettings = {
				ASSETCATALOG_COMPILER_APPICON_NAME = AppIcon;
				CODE_SIGN_STYLE = Automatic;
				DEVELOPMENT_TEAM = KK52K32PD5;
				INFOPLIST_FILE = RickAndMorty/SupportFiles/Info.plist;
				LD_RUNPATH_SEARCH_PATHS = (
					"$(inherited)",
					"@executable_path/Frameworks",
				);
				PRODUCT_BUNDLE_IDENTIFIER = "Kirill-Zaborsky.RickAndMorty";
				PRODUCT_NAME = "$(TARGET_NAME)";
				SWIFT_VERSION = 5.0;
				TARGETED_DEVICE_FAMILY = 1;
			};
			name = Release;
		};
/* End XCBuildConfiguration section */

/* Begin XCConfigurationList section */
		D4BB876D24B4B70500B4ABC9 /* Build configuration list for PBXProject "RickAndMorty" */ = {
			isa = XCConfigurationList;
			buildConfigurations = (
				D4BB878424B4B70600B4ABC9 /* Debug */,
				D4BB878524B4B70600B4ABC9 /* Release */,
			);
			defaultConfigurationIsVisible = 0;
			defaultConfigurationName = Release;
		};
		D4BB878624B4B70600B4ABC9 /* Build configuration list for PBXNativeTarget "RickAndMorty" */ = {
			isa = XCConfigurationList;
			buildConfigurations = (
				D4BB878724B4B70600B4ABC9 /* Debug */,
				D4BB878824B4B70600B4ABC9 /* Release */,
			);
			defaultConfigurationIsVisible = 0;
			defaultConfigurationName = Release;
		};
/* End XCConfigurationList section */
	};
	rootObject = D4BB876A24B4B70500B4ABC9 /* Project object */;
}
